
Microsoft Visual Studio Solution File, Format Version 12.00
# Visual Studio Version 16
VisualStudioVersion = 16.0.33214.272
MinimumVisualStudioVersion = 10.0.40219.1
Project("{FAE04EC0-301F-11D3-BF4B-00C04F79EFBC}") = "01.03hm1", "01.03hm1\01.03hm1.csproj", "{5E43C951-87E3-4A0D-A30F-6D98F7D380A1}"
EndProject
Global
	GlobalSection(SolutionConfigurationPlatforms) = preSolution
		Debug|Any CPU = Debug|Any CPU
		Release|Any CPU = Release|Any CPU
	EndGlobalSection
	GlobalSection(ProjectConfigurationPlatforms) = postSolution
		{5E43C951-87E3-4A0D-A30F-6D98F7D380A1}.Debug|Any CPU.ActiveCfg = Debug|Any CPU
		{5E43C951-87E3-4A0D-A30F-6D98F7D380A1}.Debug|Any CPU.Build.0 = Debug|Any CPU
		{5E43C951-87E3-4A0D-A30F-6D98F7D380A1}.Release|Any CPU.ActiveCfg = Release|Any CPU
		{5E43C951-87E3-4A0D-A30F-6D98F7D380A1}.Release|Any CPU.Build.0 = Release|Any CPU
	EndGlobalSection
	GlobalSection(SolutionProperties) = preSolution
		HideSolutionNode = FALSE
	EndGlobalSection
	GlobalSection(ExtensibilityGlobals) = postSolution
		SolutionGuid = {A291AF2D-76A7-4B9E-95DF-FB8DC9F94DF3}
	EndGlobalSection
EndGlobal
